
Microsoft Visual Studio Solution File, Format Version 12.00
# Visual Studio Version 16
VisualStudioVersion = 16.0.30717.126
MinimumVisualStudioVersion = 10.0.40219.1
Project("{FAE04EC0-301F-11D3-BF4B-00C04F79EFBC}") = "ConsoleUI", "DependencyInjectionAutofac\ConsoleUI.csproj", "{4DF44AA7-B7B1-4336-B4E2-471AE1F2A0DB}"
EndProject
Project("{FAE04EC0-301F-11D3-BF4B-00C04F79EFBC}") = "ClassLibrary1", "ClassLibrary1\ClassLibrary1.csproj", "{548ED46A-7453-4060-AACA-473016F36D7E}"
EndProject
Global
	GlobalSection(SolutionConfigurationPlatforms) = preSolution
		Debug|Any CPU = Debug|Any CPU
		Release|Any CPU = Release|Any CPU
	EndGlobalSection
	GlobalSection(ProjectConfigurationPlatforms) = postSolution
		{4DF44AA7-B7B1-4336-B4E2-471AE1F2A0DB}.Debug|Any CPU.ActiveCfg = Debug|Any CPU
		{4DF44AA7-B7B1-4336-B4E2-471AE1F2A0DB}.Debug|Any CPU.Build.0 = Debug|Any CPU
		{4DF44AA7-B7B1-4336-B4E2-471AE1F2A0DB}.Release|Any CPU.ActiveCfg = Release|Any CPU
		{4DF44AA7-B7B1-4336-B4E2-471AE1F2A0DB}.Release|Any CPU.Build.0 = Release|Any CPU
		{548ED46A-7453-4060-AACA-473016F36D7E}.Debug|Any CPU.ActiveCfg = Debug|Any CPU
		{548ED46A-7453-4060-AACA-473016F36D7E}.Debug|Any CPU.Build.0 = Debug|Any CPU
		{548ED46A-7453-4060-AACA-473016F36D7E}.Release|Any CPU.ActiveCfg = Release|Any CPU
		{548ED46A-7453-4060-AACA-473016F36D7E}.Release|Any CPU.Build.0 = Release|Any CPU
	EndGlobalSection
	GlobalSection(SolutionProperties) = preSolution
		HideSolutionNode = FALSE
	EndGlobalSection
	GlobalSection(ExtensibilityGlobals) = postSolution
		SolutionGuid = {F8630C0B-62BE-43F7-BF5E-727E2562C628}
	EndGlobalSection
EndGlobal
